// !$*UTF8*$!
{
	archiveVersion = 1;
	classes = {
	};
	objectVersion = 77;
	objects = {

/* Begin PBXContainerItemProxy section */
		CFEBD7F92D376772002669BC /* PBXContainerItemProxy */ = {
			isa = PBXContainerItemProxy;
			containerPortal = CFEBD7E02D376770002669BC /* Project object */;
			proxyType = 1;
			remoteGlobalIDString = CFEBD7E72D376770002669BC;
			remoteInfo = eegraw;
		};
		CFEBD8032D376772002669BC /* PBXContainerItemProxy */ = {
			isa = PBXContainerItemProxy;
			containerPortal = CFEBD7E02D376770002669BC /* Project object */;
			proxyType = 1;
			remoteGlobalIDString = CFEBD7E72D376770002669BC;
			remoteInfo = eegraw;
		};
/* End PBXContainerItemProxy section */

/* Begin PBXFileReference section */
		CFEBD7E82D376770002669BC /* eegraw.app */ = {isa = PBXFileReference; explicitFileType = wrapper.application; includeInIndex = 0; path = eegraw.app; sourceTree = BUILT_PRODUCTS_DIR; };
		CFEBD7F82D376772002669BC /* eegrawTests.xctest */ = {isa = PBXFileReference; explicitFileType = wrapper.cfbundle; includeInIndex = 0; path = eegrawTests.xctest; sourceTree = BUILT_PRODUCTS_DIR; };
		CFEBD8022D376772002669BC /* eegrawUITests.xctest */ = {isa = PBXFileReference; explicitFileType = wrapper.cfbundle; includeInIndex = 0; path = eegrawUITests.xctest; sourceTree = BUILT_PRODUCTS_DIR; };
/* End PBXFileReference section */

/* Begin PBXFileSystemSynchronizedBuildFileExceptionSet section */
		CFEBD8182D376958002669BC /* Exceptions for "eegrawTests" folder in "eegrawTests" target */ = {
			isa = PBXFileSystemSynchronizedBuildFileExceptionSet;
			membershipExceptions = (
				Info.plist,
			);
			target = CFEBD7F72D376772002669BC /* eegrawTests */;
		};
/* End PBXFileSystemSynchronizedBuildFileExceptionSet section */

/* Begin PBXFileSystemSynchronizedRootGroup section */
		CFEBD7EA2D376770002669BC /* eegraw */ = {
			isa = PBXFileSystemSynchronizedRootGroup;
			path = eegraw;
			sourceTree = "<group>";
		};
		CFEBD7FB2D376772002669BC /* eegrawTests */ = {
			isa = PBXFileSystemSynchronizedRootGroup;
			exceptions = (
				CFEBD8182D376958002669BC /* Exceptions for "eegrawTests" folder in "eegrawTests" target */,
			);
			path = eegrawTests;
			sourceTree = "<group>";
		};
		CFEBD8052D376772002669BC /* eegrawUITests */ = {
			isa = PBXFileSystemSynchronizedRootGroup;
			path = eegrawUITests;
			sourceTree = "<group>";
		};
/* End PBXFileSystemSynchronizedRootGroup section */

/* Begin PBXFrameworksBuildPhase section */
		CFEBD7E52D376770002669BC /* Frameworks */ = {
			isa = PBXFrameworksBuildPhase;
			buildActionMask = 2147483647;
			files = (
			);
			runOnlyForDeploymentPostprocessing = 0;
		};
		CFEBD7F52D376772002669BC /* Frameworks */ = {
			isa = PBXFrameworksBuildPhase;
			buildActionMask = 2147483647;
			files = (
			);
			runOnlyForDeploymentPostprocessing = 0;
		};
		CFEBD7FF2D376772002669BC /* Frameworks */ = {
			isa = PBXFrameworksBuildPhase;
			buildActionMask = 2147483647;
			files = (
			);
			runOnlyForDeploymentPostprocessing = 0;
		};
/* End PBXFrameworksBuildPhase section */

/* Begin PBXGroup section */
		CFEBD7DF2D376770002669BC = {
			isa = PBXGroup;
			children = (
				CFEBD7EA2D376770002669BC /* eegraw */,
				CFEBD7FB2D376772002669BC /* eegrawTests */,
				CFEBD8052D376772002669BC /* eegrawUITests */,
				CFEBD7E92D376770002669BC /* Products */,
			);
			sourceTree = "<group>";
		};
		CFEBD7E92D376770002669BC /* Products */ = {
			isa = PBXGroup;
			children = (
				CFEBD7E82D376770002669BC /* eegraw.app */,
				CFEBD7F82D376772002669BC /* eegrawTests.xctest */,
				CFEBD8022D376772002669BC /* eegrawUITests.xctest */,
			);
			name = Products;
			sourceTree = "<group>";
		};
/* End PBXGroup section */

/* Begin PBXNativeTarget section */
		CFEBD7E72D376770002669BC /* eegraw */ = {
			isa = PBXNativeTarget;
			buildConfigurationList = CFEBD80C2D376772002669BC /* Build configuration list for PBXNativeTarget "eegraw" */;
			buildPhases = (
				CFEBD7E42D376770002669BC /* Sources */,
				CFEBD7E52D376770002669BC /* Frameworks */,
				CFEBD7E62D376770002669BC /* Resources */,
			);
			buildRules = (
			);
			dependencies = (
			);
			fileSystemSynchronizedGroups = (
				CFEBD7EA2D376770002669BC /* eegraw */,
			);
			name = eegraw;
			packageProductDependencies = (
			);
			productName = eegraw;
			productReference = CFEBD7E82D376770002669BC /* eegraw.app */;
			productType = "com.apple.product-type.application";
		};
		CFEBD7F72D376772002669BC /* eegrawTests */ = {
			isa = PBXNativeTarget;
			buildConfigurationList = CFEBD80F2D376772002669BC /* Build configuration list for PBXNativeTarget "eegrawTests" */;
			buildPhases = (
				CFEBD7F42D376772002669BC /* Sources */,
				CFEBD7F52D376772002669BC /* Frameworks */,
				CFEBD7F62D376772002669BC /* Resources */,
			);
			buildRules = (
			);
			dependencies = (
				CFEBD7FA2D376772002669BC /* PBXTargetDependency */,
			);
			fileSystemSynchronizedGroups = (
				CFEBD7FB2D376772002669BC /* eegrawTests */,
			);
			name = eegrawTests;
			packageProductDependencies = (
			);
			productName = eegrawTests;
			productReference = CFEBD7F82D376772002669BC /* eegrawTests.xctest */;
			productType = "com.apple.product-type.bundle.unit-test";
		};
		CFEBD8012D376772002669BC /* eegrawUITests */ = {
			isa = PBXNativeTarget;
			buildConfigurationList = CFEBD8122D376772002669BC /* Build configuration list for PBXNativeTarget "eegrawUITests" */;
			buildPhases = (
				CFEBD7FE2D376772002669BC /* Sources */,
				CFEBD7FF2D376772002669BC /* Frameworks */,
				CFEBD8002D376772002669BC /* Resources */,
			);
			buildRules = (
			);
			dependencies = (
				CFEBD8042D376772002669BC /* PBXTargetDependency */,
			);
			fileSystemSynchronizedGroups = (
				CFEBD8052D376772002669BC /* eegrawUITests */,
			);
			name = eegrawUITests;
			packageProductDependencies = (
			);
			productName = eegrawUITests;
			productReference = CFEBD8022D376772002669BC /* eegrawUITests.xctest */;
			productType = "com.apple.product-type.bundle.ui-testing";
		};
/* End PBXNativeTarget section */

/* Begin PBXProject section */
		CFEBD7E02D376770002669BC /* Project object */ = {
			isa = PBXProject;
			attributes = {
				BuildIndependentTargetsInParallel = 1;
				LastSwiftUpdateCheck = 1600;
				LastUpgradeCheck = 1600;
				TargetAttributes = {
					CFEBD7E72D376770002669BC = {
						CreatedOnToolsVersion = 16.0;
					};
					CFEBD7F72D376772002669BC = {
						CreatedOnToolsVersion = 16.0;
						TestTargetID = CFEBD7E72D376770002669BC;
					};
					CFEBD8012D376772002669BC = {
						CreatedOnToolsVersion = 16.0;
						TestTargetID = CFEBD7E72D376770002669BC;
					};
				};
			};
			buildConfigurationList = CFEBD7E32D376770002669BC /* Build configuration list for PBXProject "eegraw" */;
			developmentRegion = en;
			hasScannedForEncodings = 0;
			knownRegions = (
				en,
				Base,
			);
			mainGroup = CFEBD7DF2D376770002669BC;
			minimizedProjectReferenceProxies = 1;
			preferredProjectObjectVersion = 77;
			productRefGroup = CFEBD7E92D376770002669BC /* Products */;
			projectDirPath = "";
			projectRoot = "";
			targets = (
				CFEBD7E72D376770002669BC /* eegraw */,
				CFEBD7F72D376772002669BC /* eegrawTests */,
				CFEBD8012D376772002669BC /* eegrawUITests */,
			);
		};
/* End PBXProject section */

/* Begin PBXResourcesBuildPhase section */
		CFEBD7E62D376770002669BC /* Resources */ = {
			isa = PBXResourcesBuildPhase;
			buildActionMask = 2147483647;
			files = (
			);
			runOnlyForDeploymentPostprocessing = 0;
		};
		CFEBD7F62D376772002669BC /* Resources */ = {
			isa = PBXResourcesBuildPhase;
			buildActionMask = 2147483647;
			files = (
			);
			runOnlyForDeploymentPostprocessing = 0;
		};
		CFEBD8002D376772002669BC /* Resources */ = {
			isa = PBXResourcesBuildPhase;
			buildActionMask = 2147483647;
			files = (
			);
			runOnlyForDeploymentPostprocessing = 0;
		};
/* End PBXResourcesBuildPhase section */

/* Begin PBXSourcesBuildPhase section */
		CFEBD7E42D376770002669BC /* Sources */ = {
			isa = PBXSourcesBuildPhase;
			buildActionMask = 2147483647;
			files = (
			);
			runOnlyForDeploymentPostprocessing = 0;
		};
		CFEBD7F42D376772002669BC /* Sources */ = {
			isa = PBXSourcesBuildPhase;
			buildActionMask = 2147483647;
			files = (
			);
			runOnlyForDeploymentPostprocessing = 0;
		};
		CFEBD7FE2D376772002669BC /* Sources */ = {
			isa = PBXSourcesBuildPhase;
			buildActionMask = 2147483647;
			files = (
			);
			runOnlyForDeploymentPostprocessing = 0;
		};
/* End PBXSourcesBuildPhase section */

/* Begin PBXTargetDependency section */
		CFEBD7FA2D376772002669BC /* PBXTargetDependency */ = {
			isa = PBXTargetDependency;
			target = CFEBD7E72D376770002669BC /* eegraw */;
			targetProxy = CFEBD7F92D376772002669BC /* PBXContainerItemProxy */;
		};
		CFEBD8042D376772002669BC /* PBXTargetDependency */ = {
			isa = PBXTargetDependency;
			target = CFEBD7E72D376770002669BC /* eegraw */;
			targetProxy = CFEBD8032D376772002669BC /* PBXContainerItemProxy */;
		};
/* End PBXTargetDependency section */

/* Begin XCBuildConfiguration section */
		CFEBD80A2D376772002669BC /* Debug */ = {
			isa = XCBuildConfiguration;
			buildSettings = {
				ALWAYS_SEARCH_USER_PATHS = NO;
				ASSETCATALOG_COMPILER_GENERATE_SWIFT_ASSET_SYMBOL_EXTENSIONS = YES;
				CLANG_ANALYZER_NONNULL = YES;
				CLANG_ANALYZER_NUMBER_OBJECT_CONVERSION = YES_AGGRESSIVE;
				CLANG_CXX_LANGUAGE_STANDARD = "gnu++20";
				CLANG_ENABLE_MODULES = YES;
				CLANG_ENABLE_OBJC_ARC = YES;
				CLANG_ENABLE_OBJC_WEAK = YES;
				CLANG_WARN_BLOCK_CAPTURE_AUTORELEASING = YES;
				CLANG_WARN_BOOL_CONVERSION = YES;
				CLANG_WARN_COMMA = YES;
				CLANG_WARN_CONSTANT_CONVERSION = YES;
				CLANG_WARN_DEPRECATED_OBJC_IMPLEMENTATIONS = YES;
				CLANG_WARN_DIRECT_OBJC_ISA_USAGE = YES_ERROR;
				CLANG_WARN_DOCUMENTATION_COMMENTS = YES;
				CLANG_WARN_EMPTY_BODY = YES;
				CLANG_WARN_ENUM_CONVERSION = YES;
				CLANG_WARN_INFINITE_RECURSION = YES;
				CLANG_WARN_INT_CONVERSION = YES;
				CLANG_WARN_NON_LITERAL_NULL_CONVERSION = YES;
				CLANG_WARN_OBJC_IMPLICIT_RETAIN_SELF = YES;
				CLANG_WARN_OBJC_LITERAL_CONVERSION = YES;
				CLANG_WARN_OBJC_ROOT_CLASS = YES_ERROR;
				CLANG_WARN_QUOTED_INCLUDE_IN_FRAMEWORK_HEADER = YES;
				CLANG_WARN_RANGE_LOOP_ANALYSIS = YES;
				CLANG_WARN_STRICT_PROTOTYPES = YES;
				CLANG_WARN_SUSPICIOUS_MOVE = YES;
				CLANG_WARN_UNGUARDED_AVAILABILITY = YES_AGGRESSIVE;
				CLANG_WARN_UNREACHABLE_CODE = YES;
				CLANG_WARN__DUPLICATE_METHOD_MATCH = YES;
				COPY_PHASE_STRIP = NO;
				DEBUG_INFORMATION_FORMAT = dwarf;
				ENABLE_STRICT_OBJC_MSGSEND = YES;
				ENABLE_TESTABILITY = YES;
				ENABLE_USER_SCRIPT_SANDBOXING = YES;
				GCC_C_LANGUAGE_STANDARD = gnu17;
				GCC_DYNAMIC_NO_PIC = NO;
				GCC_NO_COMMON_BLOCKS = YES;
				GCC_OPTIMIZATION_LEVEL = 0;
				GCC_PREPROCESSOR_DEFINITIONS = (
					"DEBUG=1",
					"$(inherited)",
				);
				GCC_WARN_64_TO_32_BIT_CONVERSION = YES;
				GCC_WARN_ABOUT_RETURN_TYPE = YES_ERROR;
				GCC_WARN_UNDECLARED_SELECTOR = YES;
				GCC_WARN_UNINITIALIZED_AUTOS = YES_AGGRESSIVE;
				GCC_WARN_UNUSED_FUNCTION = YES;
				GCC_WARN_UNUSED_VARIABLE = YES;
				IPHONEOS_DEPLOYMENT_TARGET = 18.0;
				LOCALIZATION_PREFERS_STRING_CATALOGS = YES;
				MTL_ENABLE_DEBUG_INFO = INCLUDE_SOURCE;
				MTL_FAST_MATH = YES;
				ONLY_ACTIVE_ARCH = YES;
				SDKROOT = iphoneos;
				SWIFT_ACTIVE_COMPILATION_CONDITIONS = "DEBUG $(inherited)";
				SWIFT_OPTIMIZATION_LEVEL = "-Onone";
			};
			name = Debug;
		};
		CFEBD80B2D376772002669BC /* Release */ = {
			isa = XCBuildConfiguration;
			buildSettings = {
				ALWAYS_SEARCH_USER_PATHS = NO;
				ASSETCATALOG_COMPILER_GENERATE_SWIFT_ASSET_SYMBOL_EXTENSIONS = YES;
				CLANG_ANALYZER_NONNULL = YES;
				CLANG_ANALYZER_NUMBER_OBJECT_CONVERSION = YES_AGGRESSIVE;
				CLANG_CXX_LANGUAGE_STANDARD = "gnu++20";
				CLANG_ENABLE_MODULES = YES;
				CLANG_ENABLE_OBJC_ARC = YES;
				CLANG_ENABLE_OBJC_WEAK = YES;
				CLANG_WARN_BLOCK_CAPTURE_AUTORELEASING = YES;
				CLANG_WARN_BOOL_CONVERSION = YES;
				CLANG_WARN_COMMA = YES;
				CLANG_WARN_CONSTANT_CONVERSION = YES;
				CLANG_WARN_DEPRECATED_OBJC_IMPLEMENTATIONS = YES;
				CLANG_WARN_DIRECT_OBJC_ISA_USAGE = YES_ERROR;
				CLANG_WARN_DOCUMENTATION_COMMENTS = YES;
				CLANG_WARN_EMPTY_BODY = YES;
				CLANG_WARN_ENUM_CONVERSION = YES;
				CLANG_WARN_INFINITE_RECURSION = YES;
				CLANG_WARN_INT_CONVERSION = YES;
				CLANG_WARN_NON_LITERAL_NULL_CONVERSION = YES;
				CLANG_WARN_OBJC_IMPLICIT_RETAIN_SELF = YES;
				CLANG_WARN_OBJC_LITERAL_CONVERSION = YES;
				CLANG_WARN_OBJC_ROOT_CLASS = YES_ERROR;
				CLANG_WARN_QUOTED_INCLUDE_IN_FRAMEWORK_HEADER = YES;
				CLANG_WARN_RANGE_LOOP_ANALYSIS = YES;
				CLANG_WARN_STRICT_PROTOTYPES = YES;
				CLANG_WARN_SUSPICIOUS_MOVE = YES;
				CLANG_WARN_UNGUARDED_AVAILABILITY = YES_AGGRESSIVE;
				CLANG_WARN_UNREACHABLE_CODE = YES;
				CLANG_WARN__DUPLICATE_METHOD_MATCH = YES;
				COPY_PHASE_STRIP = NO;
				DEBUG_INFORMATION_FORMAT = "dwarf-with-dsym";
				ENABLE_NS_ASSERTIONS = NO;
				ENABLE_STRICT_OBJC_MSGSEND = YES;
				ENABLE_USER_SCRIPT_SANDBOXING = YES;
				GCC_C_LANGUAGE_STANDARD = gnu17;
				GCC_NO_COMMON_BLOCKS = YES;
				GCC_WARN_64_TO_32_BIT_CONVERSION = YES;
				GCC_WARN_ABOUT_RETURN_TYPE = YES_ERROR;
				GCC_WARN_UNDECLARED_SELECTOR = YES;
				GCC_WARN_UNINITIALIZED_AUTOS = YES_AGGRESSIVE;
				GCC_WARN_UNUSED_FUNCTION = YES;
				GCC_WARN_UNUSED_VARIABLE = YES;
				IPHONEOS_DEPLOYMENT_TARGET = 18.0;
				LOCALIZATION_PREFERS_STRING_CATALOGS = YES;
				MTL_ENABLE_DEBUG_INFO = NO;
				MTL_FAST_MATH = YES;
				SDKROOT = iphoneos;
				SWIFT_COMPILATION_MODE = wholemodule;
				VALIDATE_PRODUCT = YES;
			};
			name = Release;
		};
		CFEBD80D2D376772002669BC /* Debug */ = {
			isa = XCBuildConfiguration;
			buildSettings = {
				ASSETCATALOG_COMPILER_APPICON_NAME = AppIcon;
				ASSETCATALOG_COMPILER_GLOBAL_ACCENT_COLOR_NAME = AccentColor;
				CODE_SIGN_STYLE = Automatic;
				CURRENT_PROJECT_VERSION = 1;
				DEVELOPMENT_ASSET_PATHS = "\"eegraw/Preview Content\"";
				DEVELOPMENT_TEAM = S4UWWWVJQP;
				ENABLE_PREVIEWS = YES;
				GENERATE_INFOPLIST_FILE = YES;
				INFOPLIST_KEY_NSBluetoothAlwaysUsageDescription = "ask for permision";
				INFOPLIST_KEY_NSBluetoothPeripheralUsageDescription = "ask for permision";
				INFOPLIST_KEY_UIApplicationSceneManifest_Generation = YES;
				INFOPLIST_KEY_UIApplicationSupportsIndirectInputEvents = YES;
				INFOPLIST_KEY_UILaunchScreen_Generation = YES;
				INFOPLIST_KEY_UISupportedInterfaceOrientations_iPad = "UIInterfaceOrientationPortrait UIInterfaceOrientationPortraitUpsideDown UIInterfaceOrientationLandscapeLeft UIInterfaceOrientationLandscapeRight";
				INFOPLIST_KEY_UISupportedInterfaceOrientations_iPhone = "UIInterfaceOrientationPortrait UIInterfaceOrientationLandscapeLeft UIInterfaceOrientationLandscapeRight";
				LD_RUNPATH_SEARCH_PATHS = (
					"$(inherited)",
					"@executable_path/Frameworks",
				);
				MARKETING_VERSION = 1.0;
				PRODUCT_BUNDLE_IDENTIFIER = Project1.eegraw;
				PRODUCT_NAME = "$(TARGET_NAME)";
				SWIFT_EMIT_LOC_STRINGS = YES;
				SWIFT_VERSION = 5.0;
				TARGETED_DEVICE_FAMILY = "1,2";
			};
			name = Debug;
		};
		CFEBD80E2D376772002669BC /* Release */ = {
			isa = XCBuildConfiguration;
			buildSettings = {
				ASSETCATALOG_COMPILER_APPICON_NAME = AppIcon;
				ASSETCATALOG_COMPILER_GLOBAL_ACCENT_COLOR_NAME = AccentColor;
				CODE_SIGN_STYLE = Automatic;
				CURRENT_PROJECT_VERSION = 1;
				DEVELOPMENT_ASSET_PATHS = "\"eegraw/Preview Content\"";
				DEVELOPMENT_TEAM = S4UWWWVJQP;
				ENABLE_PREVIEWS = YES;
				GENERATE_INFOPLIST_FILE = YES;
				INFOPLIST_KEY_NSBluetoothAlwaysUsageDescription = "ask for permision";
				INFOPLIST_KEY_NSBluetoothPeripheralUsageDescription = "ask for permision";
				INFOPLIST_KEY_UIApplicationSceneManifest_Generation = YES;
				INFOPLIST_KEY_UIApplicationSupportsIndirectInputEvents = YES;
				INFOPLIST_KEY_UILaunchScreen_Generation = YES;
				INFOPLIST_KEY_UISupportedInterfaceOrientations_iPad = "UIInterfaceOrientationPortrait UIInterfaceOrientationPortraitUpsideDown UIInterfaceOrientationLandscapeLeft UIInterfaceOrientationLandscapeRight";
				INFOPLIST_KEY_UISupportedInterfaceOrientations_iPhone = "UIInterfaceOrientationPortrait UIInterfaceOrientationLandscapeLeft UIInterfaceOrientationLandscapeRight";
				LD_RUNPATH_SEARCH_PATHS = (
					"$(inherited)",
					"@executable_path/Frameworks",
				);
				MARKETING_VERSION = 1.0;
				PRODUCT_BUNDLE_IDENTIFIER = Project1.eegraw;
				PRODUCT_NAME = "$(TARGET_NAME)";
				SWIFT_EMIT_LOC_STRINGS = YES;
				SWIFT_VERSION = 5.0;
				TARGETED_DEVICE_FAMILY = "1,2";
			};
			name = Release;
		};
		CFEBD8102D376772002669BC /* Debug */ = {
			isa = XCBuildConfiguration;
			buildSettings = {
				BUNDLE_LOADER = "$(TEST_HOST)";
				CODE_SIGN_STYLE = Automatic;
				CURRENT_PROJECT_VERSION = 1;
				DEVELOPMENT_TEAM = S4UWWWVJQP;
				GENERATE_INFOPLIST_FILE = YES;
				INFOPLIST_FILE = eegrawTests/Info.plist;
				INFOPLIST_KEY_CFBundleDisplayName = "";
				INFOPLIST_KEY_NSBluetoothAlwaysUsageDescription = "ask for permision";
				INFOPLIST_KEY_NSBluetoothPeripheralUsageDescription = "ask for bluetooth";
				IPHONEOS_DEPLOYMENT_TARGET = 18.0;
				MARKETING_VERSION = 1.0;
				PRODUCT_BUNDLE_IDENTIFIER = Project1.eegrawTests;
				PRODUCT_NAME = "$(TARGET_NAME)";
				SWIFT_EMIT_LOC_STRINGS = NO;
				SWIFT_VERSION = 5.0;
				TARGETED_DEVICE_FAMILY = "1,2";
				TEST_HOST = "$(BUILT_PRODUCTS_DIR)/eegraw.app/$(BUNDLE_EXECUTABLE_FOLDER_PATH)/eegraw";
			};
			name = Debug;
		};
		CFEBD8112D376772002669BC /* Release */ = {
			isa = XCBuildConfiguration;
			buildSettings = {
				BUNDLE_LOADER = "$(TEST_HOST)";
				CODE_SIGN_STYLE = Automatic;
				CURRENT_PROJECT_VERSION = 1;
				DEVELOPMENT_TEAM = S4UWWWVJQP;
				GENERATE_INFOPLIST_FILE = YES;
				INFOPLIST_FILE = eegrawTests/Info.plist;
				INFOPLIST_KEY_CFBundleDisplayName = "";
				INFOPLIST_KEY_NSBluetoothAlwaysUsageDescription = "ask for permision";
				INFOPLIST_KEY_NSBluetoothPeripheralUsageDescription = "ask for bluetooth";
				IPHONEOS_DEPLOYMENT_TARGET = 18.0;
				MARKETING_VERSION = 1.0;
				PRODUCT_BUNDLE_IDENTIFIER = Project1.eegrawTests;
				PRODUCT_NAME = "$(TARGET_NAME)";
				SWIFT_EMIT_LOC_STRINGS = NO;
				SWIFT_VERSION = 5.0;
				TARGETED_DEVICE_FAMILY = "1,2";
				TEST_HOST = "$(BUILT_PRODUCTS_DIR)/eegraw.app/$(BUNDLE_EXECUTABLE_FOLDER_PATH)/eegraw";
			};
			name = Release;
		};
		CFEBD8132D376772002669BC /* Debug */ = {
			isa = XCBuildConfiguration;
			buildSettings = {
				CODE_SIGN_STYLE = Automatic;
				CURRENT_PROJECT_VERSION = 1;
				GENERATE_INFOPLIST_FILE = YES;
				MARKETING_VERSION = 1.0;
				PRODUCT_BUNDLE_IDENTIFIER = Project1.eegrawUITests;
				PRODUCT_NAME = "$(TARGET_NAME)";
				SWIFT_EMIT_LOC_STRINGS = NO;
				SWIFT_VERSION = 5.0;
				TARGETED_DEVICE_FAMILY = "1,2";
				TEST_TARGET_NAME = eegraw;
			};
			name = Debug;
		};
		CFEBD8142D376772002669BC /* Release */ = {
			isa = XCBuildConfiguration;
			buildSettings = {
				CODE_SIGN_STYLE = Automatic;
				CURRENT_PROJECT_VERSION = 1;
				GENERATE_INFOPLIST_FILE = YES;
				MARKETING_VERSION = 1.0;
				PRODUCT_BUNDLE_IDENTIFIER = Project1.eegrawUITests;
				PRODUCT_NAME = "$(TARGET_NAME)";
				SWIFT_EMIT_LOC_STRINGS = NO;
				SWIFT_VERSION = 5.0;
				TARGETED_DEVICE_FAMILY = "1,2";
				TEST_TARGET_NAME = eegraw;
			};
			name = Release;
		};
/* End XCBuildConfiguration section */

/* Begin XCConfigurationList section */
		CFEBD7E32D376770002669BC /* Build configuration list for PBXProject "eegraw" */ = {
			isa = XCConfigurationList;
			buildConfigurations = (
				CFEBD80A2D376772002669BC /* Debug */,
				CFEBD80B2D376772002669BC /* Release */,
			);
			defaultConfigurationIsVisible = 0;
			defaultConfigurationName = Release;
		};
		CFEBD80C2D376772002669BC /* Build configuration list for PBXNativeTarget "eegraw" */ = {
			isa = XCConfigurationList;
			buildConfigurations = (
				CFEBD80D2D376772002669BC /* Debug */,
				CFEBD80E2D376772002669BC /* Release */,
			);
			defaultConfigurationIsVisible = 0;
			defaultConfigurationName = Release;
		};
		CFEBD80F2D376772002669BC /* Build configuration list for PBXNativeTarget "eegrawTests" */ = {
			isa = XCConfigurationList;
			buildConfigurations = (
				CFEBD8102D376772002669BC /* Debug */,
				CFEBD8112D376772002669BC /* Release */,
			);
			defaultConfigurationIsVisible = 0;
			defaultConfigurationName = Release;
		};
		CFEBD8122D376772002669BC /* Build configuration list for PBXNativeTarget "eegrawUITests" */ = {
			isa = XCConfigurationList;
			buildConfigurations = (
				CFEBD8132D376772002669BC /* Debug */,
				CFEBD8142D376772002669BC /* Release */,
			);
			defaultConfigurationIsVisible = 0;
			defaultConfigurationName = Release;
		};
/* End XCConfigurationList section */
	};
	rootObject = CFEBD7E02D376770002669BC /* Project object */;
}
